
Microsoft Visual Studio Solution File, Format Version 12.00
# Visual Studio 15
VisualStudioVersion = 15.0.27703.2026
MinimumVisualStudioVersion = 10.0.40219.1
Project("{FAE04EC0-301F-11D3-BF4B-00C04F79EFBC}") = "Monads.Standard", "Monads.Standard\Monads.Standard.csproj", "{B334A8D6-154A-4E3A-AFB1-DC7CD5EE6A71}"
EndProject
Project("{FAE04EC0-301F-11D3-BF4B-00C04F79EFBC}") = "Monads.Standard.Tests", "Monads.Standard.Tests\Monads.Standard.Tests.csproj", "{F1917A17-6775-49FA-BB54-25F68DF8EF28}"
EndProject
Global
	GlobalSection(SolutionConfigurationPlatforms) = preSolution
		Debug|Any CPU = Debug|Any CPU
		Release|Any CPU = Release|Any CPU
	EndGlobalSection
	GlobalSection(ProjectConfigurationPlatforms) = postSolution
		{B334A8D6-154A-4E3A-AFB1-DC7CD5EE6A71}.Debug|Any CPU.ActiveCfg = Debug|Any CPU
		{B334A8D6-154A-4E3A-AFB1-DC7CD5EE6A71}.Debug|Any CPU.Build.0 = Debug|Any CPU
		{B334A8D6-154A-4E3A-AFB1-DC7CD5EE6A71}.Release|Any CPU.ActiveCfg = Release|Any CPU
		{B334A8D6-154A-4E3A-AFB1-DC7CD5EE6A71}.Release|Any CPU.Build.0 = Release|Any CPU
		{F1917A17-6775-49FA-BB54-25F68DF8EF28}.Debug|Any CPU.ActiveCfg = Debug|Any CPU
		{F1917A17-6775-49FA-BB54-25F68DF8EF28}.Debug|Any CPU.Build.0 = Debug|Any CPU
		{F1917A17-6775-49FA-BB54-25F68DF8EF28}.Release|Any CPU.ActiveCfg = Release|Any CPU
		{F1917A17-6775-49FA-BB54-25F68DF8EF28}.Release|Any CPU.Build.0 = Release|Any CPU
	EndGlobalSection
	GlobalSection(SolutionProperties) = preSolution
		HideSolutionNode = FALSE
	EndGlobalSection
	GlobalSection(ExtensibilityGlobals) = postSolution
		SolutionGuid = {894C8816-EEE8-46B2-A2A3-00B5CA81CC48}
	EndGlobalSection
EndGlobal
